lockfileVersion: '9.0'

settings:
  autoInstallPeers: true
  excludeLinksFromLockfile: false

importers:

  .: {}

  apps/console:
    dependencies:
      '@quorum/protocol':
        specifier: workspace:*
        version: link:../../packages/protocol
      '@quorum/sdk':
        specifier: workspace:*
        version: link:../../packages/sdk
    devDependencies:
      '@quorum/test-kit':
        specifier: workspace:*
        version: link:../../packages/test-kit
      '@types/node':
        specifier: ^24.0.0
        version: 24.13.4
      typescript:
        specifier: ^5.9.0
        version: 5.9.3

  examples/deploy-agent:
    dependencies:
      '@quorum/protocol':
        specifier: workspace:*
        version: link:../../packages/protocol
      '@quorum/sdk':
        specifier: workspace:*
        version: link:../../packages/sdk
    devDependencies:
      '@quorum/test-kit':
        specifier: workspace:*
        version: link:../../packages/test-kit
      '@types/node':
        specifier: ^24.0.0
        version: 24.13.4
      typescript:
        specifier: ^5.9.0
        version: 5.9.3

  examples/echo-agent:
    dependencies:
      '@quorum/protocol':
        specifier: workspace:*
        version: link:../../packages/protocol
      '@quorum/sdk':
        specifier: workspace:*
        version: link:../../packages/sdk
    devDependencies:
      '@quorum/test-kit':
        specifier: workspace:*
        version: link:../../packages/test-kit
      '@types/node':
        specifier: ^24.0.0
        version: 24.13.4
      typescript:
        specifier: ^5.9.0
        version: 5.9.3

  packages/protocol:
    dependencies:
      '@noble/curves':
        specifier: ^1.9.1
        version: 1.9.7
      '@noble/hashes':
        specifier: ^1.8.0
        version: 1.8.0
      zod:
        specifier: ^4.0.0
        version: 4.6.2
    devDependencies:
      '@types/node':
        specifier: ^24.0.0
        version: 24.13.4
      typescript:
        specifier: ^5.9.0
        version: 5.9.3

  packages/sdk:
    dependencies:
      '@noble/curves':
        specifier: ^1.9.1
        version: 1.9.7
      '@noble/hashes':
        specifier: ^1.8.0
        version: 1.8.0
      '@quorum/protocol':
        specifier: workspace:*
        version: link:../protocol
      '@scure/base':
        specifier: ^1.2.0
        version: 1.2.6
    devDependencies:
      '@quorum/test-kit':
        specifier: workspace:*
        version: link:../test-kit
      '@types/node':
        specifier: ^24.0.0
        version: 24.13.4
      typescript:
        specifier: ^5.9.0
        version: 5.9.3

  packages/test-kit:
    dependencies:
      '@quorum/protocol':
        specifier: workspace:*
        version: link:../protocol
      ws:
        specifier: ^8.18.0
        version: 8.21.3
    devDependencies:
      '@noble/curves':
        specifier: ^1.9.1
        version: 1.9.7
      '@noble/hashes':
        specifier: ^1.8.0
        version: 1.8.0
      '@types/node':
        specifier: ^24.0.0
        version: 24.13.4
      '@types/ws':
        specifier: ^8.5.13
        version: 8.18.1
      typescript:
        specifier: ^5.9.0
        version: 5.9.3

packages:

  '@noble/curves@1.9.7':
    resolution: {integrity: sha512-gbKGcRUYIjA3/zCCNaWDciTMFI0dCkvou3TL8Zmy5Nc7sJ47a0jtOeZoTaMxkuqRo9cRhjOdZJXegxYE5FN/xw==}
    engines: {node: ^14.21.3 || >=16}

  '@noble/hashes@1.8.0':
    resolution: {integrity: sha512-jCs9ldd7NwzpgXDIf6P3+NrHh9/sD6CQdxHyjQI+h/6rDNo88ypBxxz45UDuZHz9r3tNz7N/VInSVoVdtXEI4A==}
    engines: {node: ^14.21.3 || >=16}

  '@scure/base@1.2.6':
    resolution: {integrity: sha512-g/nm5FgUa//MCj1gV09zTJTaM6KBAHqLN907YVQqf7zC49+DcO4B1so4ZX07Ef10Twr6nuqYEH9GEggFXA4Fmg==}

  '@types/node@24.13.4':
    resolution: {integrity: sha512-YJ7EqCstVTzIr0fMr7qul/977en+pQHrfmuKIo6Zr9i75Be21dr3MovcfvGtyvi2HAUrRerWps5sMO9I7WaxDw==}

  '@types/ws@8.18.1':
    resolution: {integrity: sha512-ThVF6DCVhA8kUGy+aazFQ4kXQ7E1Ty7A3ypFOe0IcJV8O/M511G99AW24irKrW56Wt44yG9+ij8FaqoBGkuBXg==}

  typescript@5.9.3:
    resolution: {integrity: sha512-jl1vZzPDinLr9eUt3J/t7V6FgNEw9QjvBPdysz9KfQDD41fQrC2Y4vKQdiaUpFT4bXlb1RHhLpp8wtm6M5TgSw==}
    engines: {node: '>=14.17'}
    hasBin: true

  undici-types@7.18.2:
    resolution: {integrity: sha512-AsuCzffGHJybSaRrmr5eHr81mwJU3kjw6M+uprWvCXiNeN9SOGwQ3Jn8jb8m3Z6izVgknn1R0FTCEAP2QrLY/w==}

  ws@8.21.3:
    resolution: {integrity: sha512-201TZ/kPWxoPr/OKWjquZR1SWKXcvxdH+e1xrx89b3YbmzLMFCLfnaG1HFIgWzJOEWZ7MvpK++odZufgYR50Rw==}
    engines: {node: '>=10.0.0'}
    peerDependencies:
      bufferutil: ^4.0.1
      utf-8-validate: '>=5.0.2'
    peerDependenciesMeta:
      bufferutil:
        optional: true
      utf-8-validate:
        optional: true

  zod@4.6.2:
    resolution: {integrity: sha512-lh5RCAGFa1Cm2hjtNwLQhSs/AsqdWnTQaBER9fEwN/88pSh7KOtJavtBx/0VlkN/uFd61SwYmljLMDAsHlvzBQ==}

snapshots:

  '@noble/curves@1.9.7':
    dependencies:
      '@noble/hashes': 1.8.0

  '@noble/hashes@1.8.0': {}

  '@scure/base@1.2.6': {}

  '@types/node@24.13.4':
    dependencies:
      undici-types: 7.18.2

  '@types/ws@8.18.1':
    dependencies:
      '@types/node': 24.13.4

  typescript@5.9.3: {}

  undici-types@7.18.2: {}

  ws@8.21.3: {}

  zod@4.6.2: {}
